
Microsoft Visual Studio Solution File, Format Version 12.00
# Visual Studio Version 16
VisualStudioVersion = 16.0.30011.22
MinimumVisualStudioVersion = 10.0.40219.1
Project("{9A19103F-16F7-4668-BE54-9A1E7A4F7556}") = "FieraServicesWebAPITest", "FieraServicesWebAPITest\FieraServicesWebAPITest.csproj", "{B16D6623-20AD-42A5-9D25-3F278F11E006}"
EndProject
Project("{FAE04EC0-301F-11D3-BF4B-00C04F79EFBC}") = "FieraServicesWebAPITestTests", "FieraServicesWebAPITestTests\FieraServicesWebAPITestTests.csproj", "{E7635738-4173-4AD6-9B28-12AE508F5B2C}"
EndProject
Global
	GlobalSection(SolutionConfigurationPlatforms) = preSolution
		Debug|Any CPU = Debug|Any CPU
		Release|Any CPU = Release|Any CPU
	EndGlobalSection
	GlobalSection(ProjectConfigurationPlatforms) = postSolution
		{B16D6623-20AD-42A5-9D25-3F278F11E006}.Debug|Any CPU.ActiveCfg = Debug|Any CPU
		{B16D6623-20AD-42A5-9D25-3F278F11E006}.Debug|Any CPU.Build.0 = Debug|Any CPU
		{B16D6623-20AD-42A5-9D25-3F278F11E006}.Release|Any CPU.ActiveCfg = Release|Any CPU
		{B16D6623-20AD-42A5-9D25-3F278F11E006}.Release|Any CPU.Build.0 = Release|Any CPU
		{E7635738-4173-4AD6-9B28-12AE508F5B2C}.Debug|Any CPU.ActiveCfg = Debug|Any CPU
		{E7635738-4173-4AD6-9B28-12AE508F5B2C}.Debug|Any CPU.Build.0 = Debug|Any CPU
		{E7635738-4173-4AD6-9B28-12AE508F5B2C}.Release|Any CPU.ActiveCfg = Release|Any CPU
		{E7635738-4173-4AD6-9B28-12AE508F5B2C}.Release|Any CPU.Build.0 = Release|Any CPU
	EndGlobalSection
	GlobalSection(SolutionProperties) = preSolution
		HideSolutionNode = FALSE
	EndGlobalSection
	GlobalSection(ExtensibilityGlobals) = postSolution
		SolutionGuid = {C0AE9993-BD0A-427A-BDBA-FC867B91F41A}
	EndGlobalSection
EndGlobal
