
Microsoft Visual Studio Solution File, Format Version 12.00
# Visual Studio Version 16
VisualStudioVersion = 16.0.30011.22
MinimumVisualStudioVersion = 10.0.40219.1
Project("{FAE04EC0-301F-11D3-BF4B-00C04F79EFBC}") = "FieraWEBAPI", "FieraWEBAPI\FieraWEBAPI.csproj", "{A3F8B838-D83C-4D50-A942-353871E0F0B6}"
EndProject
Global
	GlobalSection(SolutionConfigurationPlatforms) = preSolution
		Debug|Any CPU = Debug|Any CPU
		Release|Any CPU = Release|Any CPU
	EndGlobalSection
	GlobalSection(ProjectConfigurationPlatforms) = postSolution
		{A3F8B838-D83C-4D50-A942-353871E0F0B6}.Debug|Any CPU.ActiveCfg = Debug|Any CPU
		{A3F8B838-D83C-4D50-A942-353871E0F0B6}.Debug|Any CPU.Build.0 = Debug|Any CPU
		{A3F8B838-D83C-4D50-A942-353871E0F0B6}.Release|Any CPU.ActiveCfg = Release|Any CPU
		{A3F8B838-D83C-4D50-A942-353871E0F0B6}.Release|Any CPU.Build.0 = Release|Any CPU
	EndGlobalSection
	GlobalSection(SolutionProperties) = preSolution
		HideSolutionNode = FALSE
	EndGlobalSection
	GlobalSection(ExtensibilityGlobals) = postSolution
		SolutionGuid = {22C0F7C2-2BB1-47A1-9A2C-C193F9985373}
	EndGlobalSection
EndGlobal
